
Microsoft Visual Studio Solution File, Format Version 12.00
# Visual Studio Version 17
VisualStudioVersion = 17.7.34202.233
MinimumVisualStudioVersion = 10.0.40219.1
Project("{9A19103F-16F7-4668-BE54-9A1E7A4F7556}") = "ECommerce", "IdentityRoleAuthorization\ECommerce.csproj", "{6DE47D22-A32A-4880-84A8-D333C1C6064B}"
EndProject
Project("{FAE04EC0-301F-11D3-BF4B-00C04F79EFBC}") = "Ecommerce.Model", "IdentityRoleAuthorization.Model\Ecommerce.Model.csproj", "{F8E28FA1-608D-4BE9-B3D0-9EC7FCA4EE73}"
EndProject
Project("{FAE04EC0-301F-11D3-BF4B-00C04F79EFBC}") = "ECommerce.Data", "IdentityRoleAuthorization.Data\ECommerce.Data.csproj", "{F00696C4-12A2-41D1-A111-14214A523396}"
EndProject
Project("{FAE04EC0-301F-11D3-BF4B-00C04F79EFBC}") = "Ecommerce.Service", "IdentityRoleAuthorization.Service\Ecommerce.Service.csproj", "{F55EE77A-2BDA-4DD0-B822-27C050FCA3BC}"
EndProject
Global
	GlobalSection(SolutionConfigurationPlatforms) = preSolution
		Debug|Any CPU = Debug|Any CPU
		Release|Any CPU = Release|Any CPU
	EndGlobalSection
	GlobalSection(ProjectConfigurationPlatforms) = postSolution
		{6DE47D22-A32A-4880-84A8-D333C1C6064B}.Debug|Any CPU.ActiveCfg = Debug|Any CPU
		{6DE47D22-A32A-4880-84A8-D333C1C6064B}.Debug|Any CPU.Build.0 = Debug|Any CPU
		{6DE47D22-A32A-4880-84A8-D333C1C6064B}.Release|Any CPU.ActiveCfg = Release|Any CPU
		{6DE47D22-A32A-4880-84A8-D333C1C6064B}.Release|Any CPU.Build.0 = Release|Any CPU
		{F8E28FA1-608D-4BE9-B3D0-9EC7FCA4EE73}.Debug|Any CPU.ActiveCfg = Debug|Any CPU
		{F8E28FA1-608D-4BE9-B3D0-9EC7FCA4EE73}.Debug|Any CPU.Build.0 = Debug|Any CPU
		{F8E28FA1-608D-4BE9-B3D0-9EC7FCA4EE73}.Release|Any CPU.ActiveCfg = Release|Any CPU
		{F8E28FA1-608D-4BE9-B3D0-9EC7FCA4EE73}.Release|Any CPU.Build.0 = Release|Any CPU
		{F00696C4-12A2-41D1-A111-14214A523396}.Debug|Any CPU.ActiveCfg = Debug|Any CPU
		{F00696C4-12A2-41D1-A111-14214A523396}.Debug|Any CPU.Build.0 = Debug|Any CPU
		{F00696C4-12A2-41D1-A111-14214A523396}.Release|Any CPU.ActiveCfg = Release|Any CPU
		{F00696C4-12A2-41D1-A111-14214A523396}.Release|Any CPU.Build.0 = Release|Any CPU
		{F55EE77A-2BDA-4DD0-B822-27C050FCA3BC}.Debug|Any CPU.ActiveCfg = Debug|Any CPU
		{F55EE77A-2BDA-4DD0-B822-27C050FCA3BC}.Debug|Any CPU.Build.0 = Debug|Any CPU
		{F55EE77A-2BDA-4DD0-B822-27C050FCA3BC}.Release|Any CPU.ActiveCfg = Release|Any CPU
		{F55EE77A-2BDA-4DD0-B822-27C050FCA3BC}.Release|Any CPU.Build.0 = Release|Any CPU
	EndGlobalSection
	GlobalSection(SolutionProperties) = preSolution
		HideSolutionNode = FALSE
	EndGlobalSection
	GlobalSection(ExtensibilityGlobals) = postSolution
		SolutionGuid = {529835B2-2F5B-486D-883C-E2494B39DA71}
	EndGlobalSection
EndGlobal
