
Microsoft Visual Studio Solution File, Format Version 12.00
# Visual Studio Version 17
VisualStudioVersion = 17.7.34202.233
MinimumVisualStudioVersion = 10.0.40219.1
Project("{FAE04EC0-301F-11D3-BF4B-00C04F79EFBC}") = "IdentityRoleAuthorization", "IdentityRoleAuthorization\IdentityRoleAuthorization.csproj", "{6DE47D22-A32A-4880-84A8-D333C1C6064B}"
EndProject
Global
	GlobalSection(SolutionConfigurationPlatforms) = preSolution
		Debug|Any CPU = Debug|Any CPU
		Release|Any CPU = Release|Any CPU
	EndGlobalSection
	GlobalSection(ProjectConfigurationPlatforms) = postSolution
		{6DE47D22-A32A-4880-84A8-D333C1C6064B}.Debug|Any CPU.ActiveCfg = Debug|Any CPU
		{6DE47D22-A32A-4880-84A8-D333C1C6064B}.Debug|Any CPU.Build.0 = Debug|Any CPU
		{6DE47D22-A32A-4880-84A8-D333C1C6064B}.Release|Any CPU.ActiveCfg = Release|Any CPU
		{6DE47D22-A32A-4880-84A8-D333C1C6064B}.Release|Any CPU.Build.0 = Release|Any CPU
	EndGlobalSection
	GlobalSection(SolutionProperties) = preSolution
		HideSolutionNode = FALSE
	EndGlobalSection
	GlobalSection(ExtensibilityGlobals) = postSolution
		SolutionGuid = {529835B2-2F5B-486D-883C-E2494B39DA71}
	EndGlobalSection
EndGlobal
